// !$*UTF8*$!
{
	archiveVersion = 1;
	classes = {
	};
	objectVersion = 56;
	objects = {

/* Begin PBXBuildFile section */
		52BFF28A2B9F1E4A00520892 /* AppDelegate.swift in Sources */ = {isa = PBXBuildFile; fileRef = 52BFF2892B9F1E4A00520892 /* AppDelegate.swift */; };
		52BFF28C2B9F1E4A00520892 /* SceneDelegate.swift in Sources */ = {isa = PBXBuildFile; fileRef = 52BFF28B2B9F1E4A00520892 /* SceneDelegate.swift */; };
		52BFF28E2B9F1E4A00520892 /* ViewController.swift in Sources */ = {isa = PBXBuildFile; fileRef = 52BFF28D2B9F1E4A00520892 /* ViewController.swift */; };
		52BFF2912B9F1E4A00520892 /* Base in Resources */ = {isa = PBXBuildFile; fileRef = 52BFF2902B9F1E4A00520892 /* Base */; };
		52BFF2932B9F1E4B00520892 /* Assets.xcassets in Resources */ = {isa = PBXBuildFile; fileRef = 52BFF2922B9F1E4B00520892 /* Assets.xcassets */; };
		52BFF2962B9F1E4B00520892 /* Base in Resources */ = {isa = PBXBuildFile; fileRef = 52BFF2952B9F1E4B00520892 /* Base */; };
		52BFF2A12B9F1E4B00520892 /* ClockAppTests.swift in Sources */ = {isa = PBXBuildFile; fileRef = 52BFF2A02B9F1E4B00520892 /* ClockAppTests.swift */; };
		52BFF2AB2B9F1E4B00520892 /* ClockAppUITests.swift in Sources */ = {isa = PBXBuildFile; fileRef = 52BFF2AA2B9F1E4B00520892 /* ClockAppUITests.swift */; };
		52BFF2AD2B9F1E4B00520892 /* ClockAppUITestsLaunchTests.swift in Sources */ = {isa = PBXBuildFile; fileRef = 52BFF2AC2B9F1E4B00520892 /* ClockAppUITestsLaunchTests.swift */; };
/* End PBXBuildFile section */

/* Begin PBXContainerItemProxy section */
		52BFF29D2B9F1E4B00520892 /* PBXContainerItemProxy */ = {
			isa = PBXContainerItemProxy;
			containerPortal = 52BFF27E2B9F1E4A00520892 /* Project object */;
			proxyType = 1;
			remoteGlobalIDString = 52BFF2852B9F1E4A00520892;
			remoteInfo = ClockApp;
		};
		52BFF2A72B9F1E4B00520892 /* PBXContainerItemProxy */ = {
			isa = PBXContainerItemProxy;
			containerPortal = 52BFF27E2B9F1E4A00520892 /* Project object */;
			proxyType = 1;
			remoteGlobalIDString = 52BFF2852B9F1E4A00520892;
			remoteInfo = ClockApp;
		};
/* End PBXContainerItemProxy section */

/* Begin PBXFileReference section */
		52BFF2862B9F1E4A00520892 /* ClockApp.app */ = {isa = PBXFileReference; explicitFileType = wrapper.application; includeInIndex = 0; path = ClockApp.app; sourceTree = BUILT_PRODUCTS_DIR; };
		52BFF2892B9F1E4A00520892 /* AppDelegate.swift */ = {isa = PBXFileReference; lastKnownFileType = sourcecode.swift; path = AppDelegate.swift; sourceTree = "<group>"; };
		52BFF28B2B9F1E4A00520892 /* SceneDelegate.swift */ = {isa = PBXFileReference; lastKnownFileType = sourcecode.swift; path = SceneDelegate.swift; sourceTree = "<group>"; };
		52BFF28D2B9F1E4A00520892 /* ViewController.swift */ = {isa = PBXFileReference; lastKnownFileType = sourcecode.swift; path = ViewController.swift; sourceTree = "<group>"; };
		52BFF2902B9F1E4A00520892 /* Base */ = {isa = PBXFileReference; lastKnownFileType = file.storyboard; name = Base; path = Base.lproj/Main.storyboard; sourceTree = "<group>"; };
		52BFF2922B9F1E4B00520892 /* Assets.xcassets */ = {isa = PBXFileReference; lastKnownFileType = folder.assetcatalog; path = Assets.xcassets; sourceTree = "<group>"; };
		52BFF2952B9F1E4B00520892 /* Base */ = {isa = PBXFileReference; lastKnownFileType = file.storyboard; name = Base; path = Base.lproj/LaunchScreen.storyboard; sourceTree = "<group>"; };
		52BFF2972B9F1E4B00520892 /* Info.plist */ = {isa = PBXFileReference; lastKnownFileType = text.plist.xml; path = Info.plist; sourceTree = "<group>"; };
		52BFF29C2B9F1E4B00520892 /* ClockAppTests.xctest */ = {isa = PBXFileReference; explicitFileType = wrapper.cfbundle; includeInIndex = 0; path = ClockAppTests.xctest; sourceTree = BUILT_PRODUCTS_DIR; };
		52BFF2A02B9F1E4B00520892 /* ClockAppTests.swift */ = {isa = PBXFileReference; lastKnownFileType = sourcecode.swift; path = ClockAppTests.swift; sourceTree = "<group>"; };
		52BFF2A62B9F1E4B00520892 /* ClockAppUITests.xctest */ = {isa = PBXFileReference; explicitFileType = wrapper.cfbundle; includeInIndex = 0; path = ClockAppUITests.xctest; sourceTree = BUILT_PRODUCTS_DIR; };
		52BFF2AA2B9F1E4B00520892 /* ClockAppUITests.swift */ = {isa = PBXFileReference; lastKnownFileType = sourcecode.swift; path = ClockAppUITests.swift; sourceTree = "<group>"; };
		52BFF2AC2B9F1E4B00520892 /* ClockAppUITestsLaunchTests.swift */ = {isa = PBXFileReference; lastKnownFileType = sourcecode.swift; path = ClockAppUITestsLaunchTests.swift; sourceTree = "<group>"; };
/* End PBXFileReference section */

/* Begin PBXFrameworksBuildPhase section */
		52BFF2832B9F1E4A00520892 /* Frameworks */ = {
			isa = PBXFrameworksBuildPhase;
			buildActionMask = 2147483647;
			files = (
			);
			runOnlyForDeploymentPostprocessing = 0;
		};
		52BFF2992B9F1E4B00520892 /* Frameworks */ = {
			isa = PBXFrameworksBuildPhase;
			buildActionMask = 2147483647;
			files = (
			);
			runOnlyForDeploymentPostprocessing = 0;
		};
		52BFF2A32B9F1E4B00520892 /* Frameworks */ = {
			isa = PBXFrameworksBuildPhase;
			buildActionMask = 2147483647;
			files = (
			);
			runOnlyForDeploymentPostprocessing = 0;
		};
/* End PBXFrameworksBuildPhase section */

/* Begin PBXGroup section */
		52BFF27D2B9F1E4A00520892 = {
			isa = PBXGroup;
			children = (
				52BFF2882B9F1E4A00520892 /* ClockApp */,
				52BFF29F2B9F1E4B00520892 /* ClockAppTests */,
				52BFF2A92B9F1E4B00520892 /* ClockAppUITests */,
				52BFF2872B9F1E4A00520892 /* Products */,
			);
			sourceTree = "<group>";
		};
		52BFF2872B9F1E4A00520892 /* Products */ = {
			isa = PBXGroup;
			children = (
				52BFF2862B9F1E4A00520892 /* ClockApp.app */,
				52BFF29C2B9F1E4B00520892 /* ClockAppTests.xctest */,
				52BFF2A62B9F1E4B00520892 /* ClockAppUITests.xctest */,
			);
			name = Products;
			sourceTree = "<group>";
		};
		52BFF2882B9F1E4A00520892 /* ClockApp */ = {
			isa = PBXGroup;
			children = (
				52BFF2892B9F1E4A00520892 /* AppDelegate.swift */,
				52BFF28B2B9F1E4A00520892 /* SceneDelegate.swift */,
				52BFF28D2B9F1E4A00520892 /* ViewController.swift */,
				52BFF28F2B9F1E4A00520892 /* Main.storyboard */,
				52BFF2922B9F1E4B00520892 /* Assets.xcassets */,
				52BFF2942B9F1E4B00520892 /* LaunchScreen.storyboard */,
				52BFF2972B9F1E4B00520892 /* Info.plist */,
			);
			path = ClockApp;
			sourceTree = "<group>";
		};
		52BFF29F2B9F1E4B00520892 /* ClockAppTests */ = {
			isa = PBXGroup;
			children = (
				52BFF2A02B9F1E4B00520892 /* ClockAppTests.swift */,
			);
			path = ClockAppTests;
			sourceTree = "<group>";
		};
		52BFF2A92B9F1E4B00520892 /* ClockAppUITests */ = {
			isa = PBXGroup;
			children = (
				52BFF2AA2B9F1E4B00520892 /* ClockAppUITests.swift */,
				52BFF2AC2B9F1E4B00520892 /* ClockAppUITestsLaunchTests.swift */,
			);
			path = ClockAppUITests;
			sourceTree = "<group>";
		};
/* End PBXGroup section */

/* Begin PBXNativeTarget section */
		52BFF2852B9F1E4A00520892 /* ClockApp */ = {
			isa = PBXNativeTarget;
			buildConfigurationList = 52BFF2B02B9F1E4B00520892 /* Build configuration list for PBXNativeTarget "ClockApp" */;
			buildPhases = (
				52BFF2822B9F1E4A00520892 /* Sources */,
				52BFF2832B9F1E4A00520892 /* Frameworks */,
				52BFF2842B9F1E4A00520892 /* Resources */,
			);
			buildRules = (
			);
			dependencies = (
			);
			name = ClockApp;
			productName = ClockApp;
			productReference = 52BFF2862B9F1E4A00520892 /* ClockApp.app */;
			productType = "com.apple.product-type.application";
		};
		52BFF29B2B9F1E4B00520892 /* ClockAppTests */ = {
			isa = PBXNativeTarget;
			buildConfigurationList = 52BFF2B32B9F1E4B00520892 /* Build configuration list for PBXNativeTarget "ClockAppTests" */;
			buildPhases = (
				52BFF2982B9F1E4B00520892 /* Sources */,
				52BFF2992B9F1E4B00520892 /* Frameworks */,
				52BFF29A2B9F1E4B00520892 /* Resources */,
			);
			buildRules = (
			);
			dependencies = (
				52BFF29E2B9F1E4B00520892 /* PBXTargetDependency */,
			);
			name = ClockAppTests;
			productName = ClockAppTests;
			productReference = 52BFF29C2B9F1E4B00520892 /* ClockAppTests.xctest */;
			productType = "com.apple.product-type.bundle.unit-test";
		};
		52BFF2A52B9F1E4B00520892 /* ClockAppUITests */ = {
			isa = PBXNativeTarget;
			buildConfigurationList = 52BFF2B62B9F1E4B00520892 /* Build configuration list for PBXNativeTarget "ClockAppUITests" */;
			buildPhases = (
				52BFF2A22B9F1E4B00520892 /* Sources */,
				52BFF2A32B9F1E4B00520892 /* Frameworks */,
				52BFF2A42B9F1E4B00520892 /* Resources */,
			);
			buildRules = (
			);
			dependencies = (
				52BFF2A82B9F1E4B00520892 /* PBXTargetDependency */,
			);
			name = ClockAppUITests;
			productName = ClockAppUITests;
			productReference = 52BFF2A62B9F1E4B00520892 /* ClockAppUITests.xctest */;
			productType = "com.apple.product-type.bundle.ui-testing";
		};
/* End PBXNativeTarget section */

/* Begin PBXProject section */
		52BFF27E2B9F1E4A00520892 /* Project object */ = {
			isa = PBXProject;
			attributes = {
				BuildIndependentTargetsInParallel = 1;
				LastSwiftUpdateCheck = 1530;
				LastUpgradeCheck = 1530;
				TargetAttributes = {
					52BFF2852B9F1E4A00520892 = {
						CreatedOnToolsVersion = 15.3;
					};
					52BFF29B2B9F1E4B00520892 = {
						CreatedOnToolsVersion = 15.3;
						TestTargetID = 52BFF2852B9F1E4A00520892;
					};
					52BFF2A52B9F1E4B00520892 = {
						CreatedOnToolsVersion = 15.3;
						TestTargetID = 52BFF2852B9F1E4A00520892;
					};
				};
			};
			buildConfigurationList = 52BFF2812B9F1E4A00520892 /* Build configuration list for PBXProject "ClockApp" */;
			compatibilityVersion = "Xcode 14.0";
			developmentRegion = en;
			hasScannedForEncodings = 0;
			knownRegions = (
				en,
				Base,
			);
			mainGroup = 52BFF27D2B9F1E4A00520892;
			productRefGroup = 52BFF2872B9F1E4A00520892 /* Products */;
			projectDirPath = "";
			projectRoot = "";
			targets = (
				52BFF2852B9F1E4A00520892 /* ClockApp */,
				52BFF29B2B9F1E4B00520892 /* ClockAppTests */,
				52BFF2A52B9F1E4B00520892 /* ClockAppUITests */,
			);
		};
/* End PBXProject section */

/* Begin PBXResourcesBuildPhase section */
		52BFF2842B9F1E4A00520892 /* Resources */ = {
			isa = PBXResourcesBuildPhase;
			buildActionMask = 2147483647;
			files = (
				52BFF2932B9F1E4B00520892 /* Assets.xcassets in Resources */,
				52BFF2962B9F1E4B00520892 /* Base in Resources */,
				52BFF2912B9F1E4A00520892 /* Base in Resources */,
			);
			runOnlyForDeploymentPostprocessing = 0;
		};
		52BFF29A2B9F1E4B00520892 /* Resources */ = {
			isa = PBXResourcesBuildPhase;
			buildActionMask = 2147483647;
			files = (
			);
			runOnlyForDeploymentPostprocessing = 0;
		};
		52BFF2A42B9F1E4B00520892 /* Resources */ = {
			isa = PBXResourcesBuildPhase;
			buildActionMask = 2147483647;
			files = (
			);
			runOnlyForDeploymentPostprocessing = 0;
		};
/* End PBXResourcesBuildPhase section */

/* Begin PBXSourcesBuildPhase section */
		52BFF2822B9F1E4A00520892 /* Sources */ = {
			isa = PBXSourcesBuildPhase;
			buildActionMask = 2147483647;
			files = (
				52BFF28E2B9F1E4A00520892 /* ViewController.swift in Sources */,
				52BFF28A2B9F1E4A00520892 /* AppDelegate.swift in Sources */,
				52BFF28C2B9F1E4A00520892 /* SceneDelegate.swift in Sources */,
			);
			runOnlyForDeploymentPostprocessing = 0;
		};
		52BFF2982B9F1E4B00520892 /* Sources */ = {
			isa = PBXSourcesBuildPhase;
			buildActionMask = 2147483647;
			files = (
				52BFF2A12B9F1E4B00520892 /* ClockAppTests.swift in Sources */,
			);
			runOnlyForDeploymentPostprocessing = 0;
		};
		52BFF2A22B9F1E4B00520892 /* Sources */ = {
			isa = PBXSourcesBuildPhase;
			buildActionMask = 2147483647;
			files = (
				52BFF2AD2B9F1E4B00520892 /* ClockAppUITestsLaunchTests.swift in Sources */,
				52BFF2AB2B9F1E4B00520892 /* ClockAppUITests.swift in Sources */,
			);
			runOnlyForDeploymentPostprocessing = 0;
		};
/* End PBXSourcesBuildPhase section */

/* Begin PBXTargetDependency section */
		52BFF29E2B9F1E4B00520892 /* PBXTargetDependency */ = {
			isa = PBXTargetDependency;
			target = 52BFF2852B9F1E4A00520892 /* ClockApp */;
			targetProxy = 52BFF29D2B9F1E4B00520892 /* PBXContainerItemProxy */;
		};
		52BFF2A82B9F1E4B00520892 /* PBXTargetDependency */ = {
			isa = PBXTargetDependency;
			target = 52BFF2852B9F1E4A00520892 /* ClockApp */;
			targetProxy = 52BFF2A72B9F1E4B00520892 /* PBXContainerItemProxy */;
		};
/* End PBXTargetDependency section */

/* Begin PBXVariantGroup section */
		52BFF28F2B9F1E4A00520892 /* Main.storyboard */ = {
			isa = PBXVariantGroup;
			children = (
				52BFF2902B9F1E4A00520892 /* Base */,
			);
			name = Main.storyboard;
			sourceTree = "<group>";
		};
		52BFF2942B9F1E4B00520892 /* LaunchScreen.storyboard */ = {
			isa = PBXVariantGroup;
			children = (
				52BFF2952B9F1E4B00520892 /* Base */,
			);
			name = LaunchScreen.storyboard;
			sourceTree = "<group>";
		};
/* End PBXVariantGroup section */

/* Begin XCBuildConfiguration section */
		52BFF2AE2B9F1E4B00520892 /* Debug */ = {
			isa = XCBuildConfiguration;
			buildSettings = {
				ALWAYS_SEARCH_USER_PATHS = NO;
				ASSETCATALOG_COMPILER_GENERATE_SWIFT_ASSET_SYMBOL_EXTENSIONS = YES;
				CLANG_ANALYZER_NONNULL = YES;
				CLANG_ANALYZER_NUMBER_OBJECT_CONVERSION = YES_AGGRESSIVE;
				CLANG_CXX_LANGUAGE_STANDARD = "gnu++20";
				CLANG_ENABLE_MODULES = YES;
				CLANG_ENABLE_OBJC_ARC = YES;
				CLANG_ENABLE_OBJC_WEAK = YES;
				CLANG_WARN_BLOCK_CAPTURE_AUTORELEASING = YES;
				CLANG_WARN_BOOL_CONVERSION = YES;
				CLANG_WARN_COMMA = YES;
				CLANG_WARN_CONSTANT_CONVERSION = YES;
				CLANG_WARN_DEPRECATED_OBJC_IMPLEMENTATIONS = YES;
				CLANG_WARN_DIRECT_OBJC_ISA_USAGE = YES_ERROR;
				CLANG_WARN_DOCUMENTATION_COMMENTS = YES;
				CLANG_WARN_EMPTY_BODY = YES;
				CLANG_WARN_ENUM_CONVERSION = YES;
				CLANG_WARN_INFINITE_RECURSION = YES;
				CLANG_WARN_INT_CONVERSION = YES;
				CLANG_WARN_NON_LITERAL_NULL_CONVERSION = YES;
				CLANG_WARN_OBJC_IMPLICIT_RETAIN_SELF = YES;
				CLANG_WARN_OBJC_LITERAL_CONVERSION = YES;
				CLANG_WARN_OBJC_ROOT_CLASS = YES_ERROR;
				CLANG_WARN_QUOTED_INCLUDE_IN_FRAMEWORK_HEADER = YES;
				CLANG_WARN_RANGE_LOOP_ANALYSIS = YES;
				CLANG_WARN_STRICT_PROTOTYPES = YES;
				CLANG_WARN_SUSPICIOUS_MOVE = YES;
				CLANG_WARN_UNGUARDED_AVAILABILITY = YES_AGGRESSIVE;
				CLANG_WARN_UNREACHABLE_CODE = YES;
				CLANG_WARN__DUPLICATE_METHOD_MATCH = YES;
				COPY_PHASE_STRIP = NO;
				DEBUG_INFORMATION_FORMAT = dwarf;
				ENABLE_STRICT_OBJC_MSGSEND = YES;
				ENABLE_TESTABILITY = YES;
				ENABLE_USER_SCRIPT_SANDBOXING = YES;
				GCC_C_LANGUAGE_STANDARD = gnu17;
				GCC_DYNAMIC_NO_PIC = NO;
				GCC_NO_COMMON_BLOCKS = YES;
				GCC_OPTIMIZATION_LEVEL = 0;
				GCC_PREPROCESSOR_DEFINITIONS = (
					"DEBUG=1",
					"$(inherited)",
				);
				GCC_WARN_64_TO_32_BIT_CONVERSION = YES;
				GCC_WARN_ABOUT_RETURN_TYPE = YES_ERROR;
				GCC_WARN_UNDECLARED_SELECTOR = YES;
				GCC_WARN_UNINITIALIZED_AUTOS = YES_AGGRESSIVE;
				GCC_WARN_UNUSED_FUNCTION = YES;
				GCC_WARN_UNUSED_VARIABLE = YES;
				IPHONEOS_DEPLOYMENT_TARGET = 17.4;
				LOCALIZATION_PREFERS_STRING_CATALOGS = YES;
				MTL_ENABLE_DEBUG_INFO = INCLUDE_SOURCE;
				MTL_FAST_MATH = YES;
				ONLY_ACTIVE_ARCH = YES;
				SDKROOT = iphoneos;
				SWIFT_ACTIVE_COMPILATION_CONDITIONS = "DEBUG $(inherited)";
				SWIFT_OPTIMIZATION_LEVEL = "-Onone";
			};
			name = Debug;
		};
		52BFF2AF2B9F1E4B00520892 /* Release */ = {
			isa = XCBuildConfiguration;
			buildSettings = {
				ALWAYS_SEARCH_USER_PATHS = NO;
				ASSETCATALOG_COMPILER_GENERATE_SWIFT_ASSET_SYMBOL_EXTENSIONS = YES;
				CLANG_ANALYZER_NONNULL = YES;
				CLANG_ANALYZER_NUMBER_OBJECT_CONVERSION = YES_AGGRESSIVE;
				CLANG_CXX_LANGUAGE_STANDARD = "gnu++20";
				CLANG_ENABLE_MODULES = YES;
				CLANG_ENABLE_OBJC_ARC = YES;
				CLANG_ENABLE_OBJC_WEAK = YES;
				CLANG_WARN_BLOCK_CAPTURE_AUTORELEASING = YES;
				CLANG_WARN_BOOL_CONVERSION = YES;
				CLANG_WARN_COMMA = YES;
				CLANG_WARN_CONSTANT_CONVERSION = YES;
				CLANG_WARN_DEPRECATED_OBJC_IMPLEMENTATIONS = YES;
				CLANG_WARN_DIRECT_OBJC_ISA_USAGE = YES_ERROR;
				CLANG_WARN_DOCUMENTATION_COMMENTS = YES;
				CLANG_WARN_EMPTY_BODY = YES;
				CLANG_WARN_ENUM_CONVERSION = YES;
				CLANG_WARN_INFINITE_RECURSION = YES;
				CLANG_WARN_INT_CONVERSION = YES;
				CLANG_WARN_NON_LITERAL_NULL_CONVERSION = YES;
				CLANG_WARN_OBJC_IMPLICIT_RETAIN_SELF = YES;
				CLANG_WARN_OBJC_LITERAL_CONVERSION = YES;
				CLANG_WARN_OBJC_ROOT_CLASS = YES_ERROR;
				CLANG_WARN_QUOTED_INCLUDE_IN_FRAMEWORK_HEADER = YES;
				CLANG_WARN_RANGE_LOOP_ANALYSIS = YES;
				CLANG_WARN_STRICT_PROTOTYPES = YES;
				CLANG_WARN_SUSPICIOUS_MOVE = YES;
				CLANG_WARN_UNGUARDED_AVAILABILITY = YES_AGGRESSIVE;
				CLANG_WARN_UNREACHABLE_CODE = YES;
				CLANG_WARN__DUPLICATE_METHOD_MATCH = YES;
				COPY_PHASE_STRIP = NO;
				DEBUG_INFORMATION_FORMAT = "dwarf-with-dsym";
				ENABLE_NS_ASSERTIONS = NO;
				ENABLE_STRICT_OBJC_MSGSEND = YES;
				ENABLE_USER_SCRIPT_SANDBOXING = YES;
				GCC_C_LANGUAGE_STANDARD = gnu17;
				GCC_NO_COMMON_BLOCKS = YES;
				GCC_WARN_64_TO_32_BIT_CONVERSION = YES;
				GCC_WARN_ABOUT_RETURN_TYPE = YES_ERROR;
				GCC_WARN_UNDECLARED_SELECTOR = YES;
				GCC_WARN_UNINITIALIZED_AUTOS = YES_AGGRESSIVE;
				GCC_WARN_UNUSED_FUNCTION = YES;
				GCC_WARN_UNUSED_VARIABLE = YES;
				IPHONEOS_DEPLOYMENT_TARGET = 17.4;
				LOCALIZATION_PREFERS_STRING_CATALOGS = YES;
				MTL_ENABLE_DEBUG_INFO = NO;
				MTL_FAST_MATH = YES;
				SDKROOT = iphoneos;
				SWIFT_COMPILATION_MODE = wholemodule;
				VALIDATE_PRODUCT = YES;
			};
			name = Release;
		};
		52BFF2B12B9F1E4B00520892 /* Debug */ = {
			isa = XCBuildConfiguration;
			buildSettings = {
				ASSETCATALOG_COMPILER_APPICON_NAME = AppIcon;
				ASSETCATALOG_COMPILER_GLOBAL_ACCENT_COLOR_NAME = AccentColor;
				CODE_SIGN_STYLE = Automatic;
				CURRENT_PROJECT_VERSION = 1;
				GENERATE_INFOPLIST_FILE = YES;
				INFOPLIST_FILE = ClockApp/Info.plist;
				INFOPLIST_KEY_UIApplicationSupportsIndirectInputEvents = YES;
				INFOPLIST_KEY_UILaunchStoryboardName = LaunchScreen;
				INFOPLIST_KEY_UIMainStoryboardFile = Main;
				INFOPLIST_KEY_UISupportedInterfaceOrientations_iPad = "UIInterfaceOrientationPortrait UIInterfaceOrientationPortraitUpsideDown UIInterfaceOrientationLandscapeLeft UIInterfaceOrientationLandscapeRight";
				INFOPLIST_KEY_UISupportedInterfaceOrientations_iPhone = "UIInterfaceOrientationPortrait UIInterfaceOrientationLandscapeLeft UIInterfaceOrientationLandscapeRight";
				LD_RUNPATH_SEARCH_PATHS = (
					"$(inherited)",
					"@executable_path/Frameworks",
				);
				MARKETING_VERSION = 1.0;
				PRODUCT_BUNDLE_IDENTIFIER = School.ClockApp;
				PRODUCT_NAME = "$(TARGET_NAME)";
				SWIFT_EMIT_LOC_STRINGS = YES;
				SWIFT_VERSION = 5.0;
				TARGETED_DEVICE_FAMILY = "1,2";
			};
			name = Debug;
		};
		52BFF2B22B9F1E4B00520892 /* Release */ = {
			isa = XCBuildConfiguration;
			buildSettings = {
				ASSETCATALOG_COMPILER_APPICON_NAME = AppIcon;
				ASSETCATALOG_COMPILER_GLOBAL_ACCENT_COLOR_NAME = AccentColor;
				CODE_SIGN_STYLE = Automatic;
				CURRENT_PROJECT_VERSION = 1;
				GENERATE_INFOPLIST_FILE = YES;
				INFOPLIST_FILE = ClockApp/Info.plist;
				INFOPLIST_KEY_UIApplicationSupportsIndirectInputEvents = YES;
				INFOPLIST_KEY_UILaunchStoryboardName = LaunchScreen;
				INFOPLIST_KEY_UIMainStoryboardFile = Main;
				INFOPLIST_KEY_UISupportedInterfaceOrientations_iPad = "UIInterfaceOrientationPortrait UIInterfaceOrientationPortraitUpsideDown UIInterfaceOrientationLandscapeLeft UIInterfaceOrientationLandscapeRight";
				INFOPLIST_KEY_UISupportedInterfaceOrientations_iPhone = "UIInterfaceOrientationPortrait UIInterfaceOrientationLandscapeLeft UIInterfaceOrientationLandscapeRight";
				LD_RUNPATH_SEARCH_PATHS = (
					"$(inherited)",
					"@executable_path/Frameworks",
				);
				MARKETING_VERSION = 1.0;
				PRODUCT_BUNDLE_IDENTIFIER = School.ClockApp;
				PRODUCT_NAME = "$(TARGET_NAME)";
				SWIFT_EMIT_LOC_STRINGS = YES;
				SWIFT_VERSION = 5.0;
				TARGETED_DEVICE_FAMILY = "1,2";
			};
			name = Release;
		};
		52BFF2B42B9F1E4B00520892 /* Debug */ = {
			isa = XCBuildConfiguration;
			buildSettings = {
				ALWAYS_EMBED_SWIFT_STANDARD_LIBRARIES = YES;
				BUNDLE_LOADER = "$(TEST_HOST)";
				CODE_SIGN_STYLE = Automatic;
				CURRENT_PROJECT_VERSION = 1;
				GENERATE_INFOPLIST_FILE = YES;
				IPHONEOS_DEPLOYMENT_TARGET = 17.4;
				MARKETING_VERSION = 1.0;
				PRODUCT_BUNDLE_IDENTIFIER = School.ClockAppTests;
				PRODUCT_NAME = "$(TARGET_NAME)";
				SWIFT_EMIT_LOC_STRINGS = NO;
				SWIFT_VERSION = 5.0;
				TARGETED_DEVICE_FAMILY = "1,2";
				TEST_HOST = "$(BUILT_PRODUCTS_DIR)/ClockApp.app/$(BUNDLE_EXECUTABLE_FOLDER_PATH)/ClockApp";
			};
			name = Debug;
		};
		52BFF2B52B9F1E4B00520892 /* Release */ = {
			isa = XCBuildConfiguration;
			buildSettings = {
				ALWAYS_EMBED_SWIFT_STANDARD_LIBRARIES = YES;
				BUNDLE_LOADER = "$(TEST_HOST)";
				CODE_SIGN_STYLE = Automatic;
				CURRENT_PROJECT_VERSION = 1;
				GENERATE_INFOPLIST_FILE = YES;
				IPHONEOS_DEPLOYMENT_TARGET = 17.4;
				MARKETING_VERSION = 1.0;
				PRODUCT_BUNDLE_IDENTIFIER = School.ClockAppTests;
				PRODUCT_NAME = "$(TARGET_NAME)";
				SWIFT_EMIT_LOC_STRINGS = NO;
				SWIFT_VERSION = 5.0;
				TARGETED_DEVICE_FAMILY = "1,2";
				TEST_HOST = "$(BUILT_PRODUCTS_DIR)/ClockApp.app/$(BUNDLE_EXECUTABLE_FOLDER_PATH)/ClockApp";
			};
			name = Release;
		};
		52BFF2B72B9F1E4B00520892 /* Debug */ = {
			isa = XCBuildConfiguration;
			buildSettings = {
				ALWAYS_EMBED_SWIFT_STANDARD_LIBRARIES = YES;
				CODE_SIGN_STYLE = Automatic;
				CURRENT_PROJECT_VERSION = 1;
				GENERATE_INFOPLIST_FILE = YES;
				MARKETING_VERSION = 1.0;
				PRODUCT_BUNDLE_IDENTIFIER = School.ClockAppUITests;
				PRODUCT_NAME = "$(TARGET_NAME)";
				SWIFT_EMIT_LOC_STRINGS = NO;
				SWIFT_VERSION = 5.0;
				TARGETED_DEVICE_FAMILY = "1,2";
				TEST_TARGET_NAME = ClockApp;
			};
			name = Debug;
		};
		52BFF2B82B9F1E4B00520892 /* Release */ = {
			isa = XCBuildConfiguration;
			buildSettings = {
				ALWAYS_EMBED_SWIFT_STANDARD_LIBRARIES = YES;
				CODE_SIGN_STYLE = Automatic;
				CURRENT_PROJECT_VERSION = 1;
				GENERATE_INFOPLIST_FILE = YES;
				MARKETING_VERSION = 1.0;
				PRODUCT_BUNDLE_IDENTIFIER = School.ClockAppUITests;
				PRODUCT_NAME = "$(TARGET_NAME)";
				SWIFT_EMIT_LOC_STRINGS = NO;
				SWIFT_VERSION = 5.0;
				TARGETED_DEVICE_FAMILY = "1,2";
				TEST_TARGET_NAME = ClockApp;
			};
			name = Release;
		};
/* End XCBuildConfiguration section */

/* Begin XCConfigurationList section */
		52BFF2812B9F1E4A00520892 /* Build configuration list for PBXProject "ClockApp" */ = {
			isa = XCConfigurationList;
			buildConfigurations = (
				52BFF2AE2B9F1E4B00520892 /* Debug */,
				52BFF2AF2B9F1E4B00520892 /* Release */,
			);
			defaultConfigurationIsVisible = 0;
			defaultConfigurationName = Release;
		};
		52BFF2B02B9F1E4B00520892 /* Build configuration list for PBXNativeTarget "ClockApp" */ = {
			isa = XCConfigurationList;
			buildConfigurations = (
				52BFF2B12B9F1E4B00520892 /* Debug */,
				52BFF2B22B9F1E4B00520892 /* Release */,
			);
			defaultConfigurationIsVisible = 0;
			defaultConfigurationName = Release;
		};
		52BFF2B32B9F1E4B00520892 /* Build configuration list for PBXNativeTarget "ClockAppTests" */ = {
			isa = XCConfigurationList;
			buildConfigurations = (
				52BFF2B42B9F1E4B00520892 /* Debug */,
				52BFF2B52B9F1E4B00520892 /* Release */,
			);
			defaultConfigurationIsVisible = 0;
			defaultConfigurationName = Release;
		};
		52BFF2B62B9F1E4B00520892 /* Build configuration list for PBXNativeTarget "ClockAppUITests" */ = {
			isa = XCConfigurationList;
			buildConfigurations = (
				52BFF2B72B9F1E4B00520892 /* Debug */,
				52BFF2B82B9F1E4B00520892 /* Release */,
			);
			defaultConfigurationIsVisible = 0;
			defaultConfigurationName = Release;
		};
/* End XCConfigurationList section */
	};
	rootObject = 52BFF27E2B9F1E4A00520892 /* Project object */;
}
